// !$*UTF8*$!
{
	archiveVersion = 1;
	classes = {
	};
	objectVersion = 46;
	objects = {

/* Begin PBXBuildFile section */
		B7712E0E16C48CCE00D42C5D /* Cocoa.framework in Frameworks */ = {isa = PBXBuildFile; fileRef = B7712E0D16C48CCE00D42C5D /* Cocoa.framework */; };
		B7712E1816C48CCE00D42C5D /* InfoPlist.strings in Resources */ = {isa = PBXBuildFile; fileRef = B7712E1616C48CCE00D42C5D /* InfoPlist.strings */; };
		B7712E1A16C48CCE00D42C5D /* main.m in Sources */ = {isa = PBXBuildFile; fileRef = B7712E1916C48CCE00D42C5D /* main.m */; };
		B7712E1E16C48CCE00D42C5D /* Credits.rtf in Resources */ = {isa = PBXBuildFile; fileRef = B7712E1C16C48CCE00D42C5D /* Credits.rtf */; };
		B7712E2116C48CCE00D42C5D /* ELGAppDelegate.m in Sources */ = {isa = PBXBuildFile; fileRef = B7712E2016C48CCE00D42C5D /* ELGAppDelegate.m */; };
		B7712E2416C48CCE00D42C5D /* MainMenu.xib in Resources */ = {isa = PBXBuildFile; fileRef = B7712E2216C48CCE00D42C5D /* MainMenu.xib */; };
		B7712E2B16C48D3B00D42C5D /* WebKit.framework in Frameworks */ = {isa = PBXBuildFile; fileRef = B7712E2A16C48D3B00D42C5D /* WebKit.framework */; };
/* End PBXBuildFile section */

/* Begin PBXFileReference section */
		B7712E0A16C48CCE00D42C5D /* webviewtest.app */ = {isa = PBXFileReference; explicitFileType = wrapper.application; includeInIndex = 0; path = webviewtest.app; sourceTree = BUILT_PRODUCTS_DIR; };
		B7712E0D16C48CCE00D42C5D /* Cocoa.framework */ = {isa = PBXFileReference; lastKnownFileType = wrapper.framework; name = Cocoa.framework; path = System/Library/Frameworks/Cocoa.framework; sourceTree = SDKROOT; };
		B7712E1016C48CCE00D42C5D /* AppKit.framework */ = {isa = PBXFileReference; lastKnownFileType = wrapper.framework; name = AppKit.framework; path = System/Library/Frameworks/AppKit.framework; sourceTree = SDKROOT; };
		B7712E1116C48CCE00D42C5D /* CoreData.framework */ = {isa = PBXFileReference; lastKnownFileType = wrapper.framework; name = CoreData.framework; path = System/Library/Frameworks/CoreData.framework; sourceTree = SDKROOT; };
		B7712E1216C48CCE00D42C5D /* Foundation.framework */ = {isa = PBXFileReference; lastKnownFileType = wrapper.framework; name = Foundation.framework; path = System/Library/Frameworks/Foundation.framework; sourceTree = SDKROOT; };
		B7712E1516C48CCE00D42C5D /* webviewtest-Info.plist */ = {isa = PBXFileReference; lastKnownFileType = text.plist.xml; path = "webviewtest-Info.plist"; sourceTree = "<group>"; };
		B7712E1716C48CCE00D42C5D /* en */ = {isa = PBXFileReference; lastKnownFileType = text.plist.strings; name = en; path = en.lproj/InfoPlist.strings; sourceTree = "<group>"; };
		B7712E1916C48CCE00D42C5D /* main.m */ = {isa = PBXFileReference; lastKnownFileType = sourcecode.c.objc; path = main.m; sourceTree = "<group>"; };
		B7712E1B16C48CCE00D42C5D /* webviewtest-Prefix.pch */ = {isa = PBXFileReference; lastKnownFileType = sourcecode.c.h; path = "webviewtest-Prefix.pch"; sourceTree = "<group>"; };
		B7712E1D16C48CCE00D42C5D /* en */ = {isa = PBXFileReference; lastKnownFileType = text.rtf; name = en; path = en.lproj/Credits.rtf; sourceTree = "<group>"; };
		B7712E1F16C48CCE00D42C5D /* ELGAppDelegate.h */ = {isa = PBXFileReference; lastKnownFileType = sourcecode.c.h; path = ELGAppDelegate.h; sourceTree = "<group>"; };
		B7712E2016C48CCE00D42C5D /* ELGAppDelegate.m */ = {isa = PBXFileReference; lastKnownFileType = sourcecode.c.objc; path = ELGAppDelegate.m; sourceTree = "<group>"; };
		B7712E2316C48CCE00D42C5D /* en */ = {isa = PBXFileReference; lastKnownFileType = file.xib; name = en; path = en.lproj/MainMenu.xib; sourceTree = "<group>"; };
		B7712E2A16C48D3B00D42C5D /* WebKit.framework */ = {isa = PBXFileReference; lastKnownFileType = wrapper.framework; name = WebKit.framework; path = System/Library/Frameworks/WebKit.framework; sourceTree = SDKROOT; };
/* End PBXFileReference section */

/* Begin PBXFrameworksBuildPhase section */
		B7712E0716C48CCE00D42C5D /* Frameworks */ = {
			isa = PBXFrameworksBuildPhase;
			buildActionMask = 2147483647;
			files = (
				B7712E2B16C48D3B00D42C5D /* WebKit.framework in Frameworks */,
				B7712E0E16C48CCE00D42C5D /* Cocoa.framework in Frameworks */,
			);
			runOnlyForDeploymentPostprocessing = 0;
		};
/* End PBXFrameworksBuildPhase section */

/* Begin PBXGroup section */
		B7712E0116C48CCD00D42C5D = {
			isa = PBXGroup;
			children = (
				B7712E2A16C48D3B00D42C5D /* WebKit.framework */,
				B7712E1316C48CCE00D42C5D /* webviewtest */,
				B7712E0C16C48CCE00D42C5D /* Frameworks */,
				B7712E0B16C48CCE00D42C5D /* Products */,
			);
			sourceTree = "<group>";
		};
		B7712E0B16C48CCE00D42C5D /* Products */ = {
			isa = PBXGroup;
			children = (
				B7712E0A16C48CCE00D42C5D /* webviewtest.app */,
			);
			name = Products;
			sourceTree = "<group>";
		};
		B7712E0C16C48CCE00D42C5D /* Frameworks */ = {
			isa = PBXGroup;
			children = (
				B7712E0D16C48CCE00D42C5D /* Cocoa.framework */,
				B7712E0F16C48CCE00D42C5D /* Other Frameworks */,
			);
			name = Frameworks;
			sourceTree = "<group>";
		};
		B7712E0F16C48CCE00D42C5D /* Other Frameworks */ = {
			isa = PBXGroup;
			children = (
				B7712E1016C48CCE00D42C5D /* AppKit.framework */,
				B7712E1116C48CCE00D42C5D /* CoreData.framework */,
				B7712E1216C48CCE00D42C5D /* Foundation.framework */,
			);
			name = "Other Frameworks";
			sourceTree = "<group>";
		};
		B7712E1316C48CCE00D42C5D /* webviewtest */ = {
			isa = PBXGroup;
			children = (
				B7712E1F16C48CCE00D42C5D /* ELGAppDelegate.h */,
				B7712E2016C48CCE00D42C5D /* ELGAppDelegate.m */,
				B7712E2216C48CCE00D42C5D /* MainMenu.xib */,
				B7712E1416C48CCE00D42C5D /* Supporting Files */,
			);
			path = webviewtest;
			sourceTree = "<group>";
		};
		B7712E1416C48CCE00D42C5D /* Supporting Files */ = {
			isa = PBXGroup;
			children = (
				B7712E1516C48CCE00D42C5D /* webviewtest-Info.plist */,
				B7712E1616C48CCE00D42C5D /* InfoPlist.strings */,
				B7712E1916C48CCE00D42C5D /* main.m */,
				B7712E1B16C48CCE00D42C5D /* webviewtest-Prefix.pch */,
				B7712E1C16C48CCE00D42C5D /* Credits.rtf */,
			);
			name = "Supporting Files";
			sourceTree = "<group>";
		};
/* End PBXGroup section */

/* Begin PBXNativeTarget section */
		B7712E0916C48CCE00D42C5D /* webviewtest */ = {
			isa = PBXNativeTarget;
			buildConfigurationList = B7712E2716C48CCE00D42C5D /* Build configuration list for PBXNativeTarget "webviewtest" */;
			buildPhases = (
				B7712E0616C48CCE00D42C5D /* Sources */,
				B7712E0716C48CCE00D42C5D /* Frameworks */,
				B7712E0816C48CCE00D42C5D /* Resources */,
			);
			buildRules = (
			);
			dependencies = (
			);
			name = webviewtest;
			productName = webviewtest;
			productReference = B7712E0A16C48CCE00D42C5D /* webviewtest.app */;
			productType = "com.apple.product-type.application";
		};
/* End PBXNativeTarget section */

/* Begin PBXProject section */
		B7712E0216C48CCD00D42C5D /* Project object */ = {
			isa = PBXProject;
			attributes = {
				CLASSPREFIX = ELG;
				LastUpgradeCheck = 0460;
				ORGANIZATIONNAME = "Eric Gorr";
			};
			buildConfigurationList = B7712E0516C48CCD00D42C5D /* Build configuration list for PBXProject "webviewtest" */;
			compatibilityVersion = "Xcode 3.2";
			developmentRegion = English;
			hasScannedForEncodings = 0;
			knownRegions = (
				en,
			);
			mainGroup = B7712E0116C48CCD00D42C5D;
			productRefGroup = B7712E0B16C48CCE00D42C5D /* Products */;
			projectDirPath = "";
			projectRoot = "";
			targets = (
				B7712E0916C48CCE00D42C5D /* webviewtest */,
			);
		};
/* End PBXProject section */

/* Begin PBXResourcesBuildPhase section */
		B7712E0816C48CCE00D42C5D /* Resources */ = {
			isa = PBXResourcesBuildPhase;
			buildActionMask = 2147483647;
			files = (
				B7712E1816C48CCE00D42C5D /* InfoPlist.strings in Resources */,
				B7712E1E16C48CCE00D42C5D /* Credits.rtf in Resources */,
				B7712E2416C48CCE00D42C5D /* MainMenu.xib in Resources */,
			);
			runOnlyForDeploymentPostprocessing = 0;
		};
/* End PBXResourcesBuildPhase section */

/* Begin PBXSourcesBuildPhase section */
		B7712E0616C48CCE00D42C5D /* Sources */ = {
			isa = PBXSourcesBuildPhase;
			buildActionMask = 2147483647;
			files = (
				B7712E1A16C48CCE00D42C5D /* main.m in Sources */,
				B7712E2116C48CCE00D42C5D /* ELGAppDelegate.m in Sources */,
			);
			runOnlyForDeploymentPostprocessing = 0;
		};
/* End PBXSourcesBuildPhase section */

/* Begin PBXVariantGroup section */
		B7712E1616C48CCE00D42C5D /* InfoPlist.strings */ = {
			isa = PBXVariantGroup;
			children = (
				B7712E1716C48CCE00D42C5D /* en */,
			);
			name = InfoPlist.strings;
			sourceTree = "<group>";
		};
		B7712E1C16C48CCE00D42C5D /* Credits.rtf */ = {
			isa = PBXVariantGroup;
			children = (
				B7712E1D16C48CCE00D42C5D /* en */,
			);
			name = Credits.rtf;
			sourceTree = "<group>";
		};
		B7712E2216C48CCE00D42C5D /* MainMenu.xib */ = {
			isa = PBXVariantGroup;
			children = (
				B7712E2316C48CCE00D42C5D /* en */,
			);
			name = MainMenu.xib;
			sourceTree = "<group>";
		};
/* End PBXVariantGroup section */

/* Begin XCBuildConfiguration section */
		B7712E2516C48CCE00D42C5D /* Debug */ = {
			isa = XCBuildConfiguration;
			buildSettings = {
				ALWAYS_SEARCH_USER_PATHS = NO;
				ARCHS = "$(ARCHS_STANDARD_64_BIT)";
				CLANG_CXX_LANGUAGE_STANDARD = "gnu++0x";
				CLANG_CXX_LIBRARY = "libc++";
				CLANG_ENABLE_OBJC_ARC = YES;
				CLANG_WARN_CONSTANT_CONVERSION = YES;
				CLANG_WARN_EMPTY_BODY = YES;
				CLANG_WARN_ENUM_CONVERSION = YES;
				CLANG_WARN_INT_CONVERSION = YES;
				CLANG_WARN__DUPLICATE_METHOD_MATCH = YES;
				COPY_PHASE_STRIP = NO;
				GCC_C_LANGUAGE_STANDARD = gnu99;
				GCC_DYNAMIC_NO_PIC = NO;
				GCC_ENABLE_OBJC_EXCEPTIONS = YES;
				GCC_OPTIMIZATION_LEVEL = 0;
				GCC_PREPROCESSOR_DEFINITIONS = (
					"DEBUG=1",
					"$(inherited)",
				);
				GCC_SYMBOLS_PRIVATE_EXTERN = NO;
				GCC_WARN_64_TO_32_BIT_CONVERSION = YES;
				GCC_WARN_ABOUT_RETURN_TYPE = YES;
				GCC_WARN_UNINITIALIZED_AUTOS = YES;
				GCC_WARN_UNUSED_VARIABLE = YES;
				MACOSX_DEPLOYMENT_TARGET = 10.8;
				ONLY_ACTIVE_ARCH = YES;
				SDKROOT = macosx;
			};
			name = Debug;
		};
		B7712E2616C48CCE00D42C5D /* Release */ = {
			isa = XCBuildConfiguration;
			buildSettings = {
				ALWAYS_SEARCH_USER_PATHS = NO;
				ARCHS = "$(ARCHS_STANDARD_64_BIT)";
				CLANG_CXX_LANGUAGE_STANDARD = "gnu++0x";
				CLANG_CXX_LIBRARY = "libc++";
				CLANG_ENABLE_OBJC_ARC = YES;
				CLANG_WARN_CONSTANT_CONVERSION = YES;
				CLANG_WARN_EMPTY_BODY = YES;
				CLANG_WARN_ENUM_CONVERSION = YES;
				CLANG_WARN_INT_CONVERSION = YES;
				CLANG_WARN__DUPLICATE_METHOD_MATCH = YES;
				COPY_PHASE_STRIP = YES;
				DEBUG_INFORMATION_FORMAT = "dwarf-with-dsym";
				GCC_C_LANGUAGE_STANDARD = gnu99;
				GCC_ENABLE_OBJC_EXCEPTIONS = YES;
				GCC_WARN_64_TO_32_BIT_CONVERSION = YES;
				GCC_WARN_ABOUT_RETURN_TYPE = YES;
				GCC_WARN_UNINITIALIZED_AUTOS = YES;
				GCC_WARN_UNUSED_VARIABLE = YES;
				MACOSX_DEPLOYMENT_TARGET = 10.8;
				SDKROOT = macosx;
			};
			name = Release;
		};
		B7712E2816C48CCE00D42C5D /* Debug */ = {
			isa = XCBuildConfiguration;
			buildSettings = {
				COMBINE_HIDPI_IMAGES = YES;
				GCC_PRECOMPILE_PREFIX_HEADER = YES;
				GCC_PREFIX_HEADER = "webviewtest/webviewtest-Prefix.pch";
				INFOPLIST_FILE = "webviewtest/webviewtest-Info.plist";
				PRODUCT_NAME = "$(TARGET_NAME)";
				WRAPPER_EXTENSION = app;
			};
			name = Debug;
		};
		B7712E2916C48CCE00D42C5D /* Release */ = {
			isa = XCBuildConfiguration;
			buildSettings = {
				COMBINE_HIDPI_IMAGES = YES;
				GCC_PRECOMPILE_PREFIX_HEADER = YES;
				GCC_PREFIX_HEADER = "webviewtest/webviewtest-Prefix.pch";
				INFOPLIST_FILE = "webviewtest/webviewtest-Info.plist";
				PRODUCT_NAME = "$(TARGET_NAME)";
				WRAPPER_EXTENSION = app;
			};
			name = Release;
		};
/* End XCBuildConfiguration section */

/* Begin XCConfigurationList section */
		B7712E0516C48CCD00D42C5D /* Build configuration list for PBXProject "webviewtest" */ = {
			isa = XCConfigurationList;
			buildConfigurations = (
				B7712E2516C48CCE00D42C5D /* Debug */,
				B7712E2616C48CCE00D42C5D /* Release */,
			);
			defaultConfigurationIsVisible = 0;
			defaultConfigurationName = Release;
		};
		B7712E2716C48CCE00D42C5D /* Build configuration list for PBXNativeTarget "webviewtest" */ = {
			isa = XCConfigurationList;
			buildConfigurations = (
				B7712E2816C48CCE00D42C5D /* Debug */,
				B7712E2916C48CCE00D42C5D /* Release */,
			);
			defaultConfigurationIsVisible = 0;
		};
/* End XCConfigurationList section */
	};
	rootObject = B7712E0216C48CCD00D42C5D /* Project object */;
}
